{
  "name": "calculator-widgets",
  "version": "1.0.0",
  "lockfileVersion": 3,
  "requires": true,
  "packages": {
    "": {
      "name": "calculator-widgets",
      "version": "1.0.0",
      "dependencies": {
        "@modelcontextprotocol/ext-apps": ">=0.1.0",
        "@nitrostack/widgets": "^1",
        "next": "^14.2.5",
        "react": "^18.3.1",
        "react-dom": "^18.3.1"
      },
      "devDependencies": {
        "@types/node": "^20",
        "@types/react": "^18",
        "@types/react-dom": "^18",
        "typescript": "^5"
      }
    },
    "node_modules/@hono/node-server": {
      "version": "1.19.14",
      "license": "MIT",
      "peer": true,
      "engines": {
        "node": ">=18.14.1"
      },
      "peerDependencies": {
        "hono": "^4"
      }
    },
    "node_modules/@modelcontextprotocol/ext-apps": {
      "version": "1.7.4",
      "license": "MIT",
      "workspaces": [
        "examples/*"
      ],
      "dependencies": {
        "@standard-schema/spec": "^1.1.0"
      },
      "engines": {
        "node": ">=20"
      },
      "peerDependencies": {
        "@modelcontextprotocol/sdk": "^1.29.0",
        "react": "^17.0.0 || ^18.0.0 || ^19.0.0",
        "react-dom": "^17.0.0 || ^18.0.0 || ^19.0.0",
        "zod": "^3.25.0 || ^4.0.0"
      },
      "peerDependenciesMeta": {
        "react": {
          "optional": true
        },
        "react-dom": {
          "optional": true
        }
      }
    },
    "node_modules/@modelcontextprotocol/sdk": {
      "version": "1.29.0",
      "license": "MIT",
      "peer": true,
      "dependencies": {
        "@hono/node-server": "^1.19.9",
        "ajv": "^8.17.1",
        "ajv-formats": "^3.0.1",
        "content-type": "^1.0.5",
        "cors": "^2.8.5",
        "cross-spawn": "^7.0.5",
        "eventsource": "^3.0.2",
        "eventsource-parser": "^3.0.0",
        "express": "^5.2.1",
        "express-rate-limit": "^8.2.1",
        "hono": "^4.11.4",
        "jose": "^6.1.3",
        "json-schema-typed": "^8.0.2",
        "pkce-challenge": "^5.0.0",
        "raw-body": "^3.0.0",
        "zod": "^3.25 || ^4.0",
        "zod-to-json-schema": "^3.25.1"
      },
      "engines": {
        "node": ">=18"
      },
      "peerDependencies": {
        "@cfworker/json-schema": "^4.1.1",
        "zod": "^3.25 || ^4.0"
      },
      "peerDependenciesMeta": {
        "@cfworker/json-schema": {
          "optional": true
        },
        "zod": {
          "optional": false
        }
      }
    },
    "node_modules/@next/env": {
      "version": "14.2.35",
      "license": "MIT"
    },
    "node_modules/@next/swc-win32-x64-msvc": {
      "version": "14.2.33",
      "cpu": [
        "x64"
      ],
      "license": "MIT",
      "optional": true,
      "os": [
        "win32"
      ],
      "engines": {
        "node": ">= 10"
      }
    },
    "node_modules/@nitrostack/widgets": {
      "version": "1.0.8",
      "license": "Apache-2.0",
      "peerDependencies": {
        "@modelcontextprotocol/ext-apps": ">=0.1.0",
        "react": "^18.0.0 || ^19.0.0"
      }
    },
    "node_modules/@standard-schema/spec": {
      "version": "1.1.0",
      "license": "MIT"
    },
    "node_modules/@swc/counter": {
      "version": "0.1.3",
      "license": "Apache-2.0"
    },
    "node_modules/@swc/helpers": {
      "version": "0.5.5",
      "license": "Apache-2.0",
      "dependencies": {
        "@swc/counter": "^0.1.3",
        "tslib": "^2.4.0"
      }
    },
    "node_modules/@types/node": {
      "version": "20.19.43",
      "dev": true,
      "license": "MIT",
      "dependencies": {
        "undici-types": "~6.21.0"
      }
    },
    "node_modules/@types/prop-types": {
      "version": "15.7.15",
      "dev": true,
      "license": "MIT"
    },
    "node_modules/@types/react": {
      "version": "18.3.31",
      "dev": true,
      "license": "MIT",
      "dependencies": {
        "@types/prop-types": "*",
        "csstype": "^3.2.2"
      }
    },
    "node_modules/@types/react-dom": {
      "version": "18.3.7",
      "dev": true,
      "license": "MIT",
      "peerDependencies": {
        "@types/react": "^18.0.0"
      }
    },
    "node_modules/accepts": {
      "version": "2.0.0",
      "license": "MIT",
      "peer": true,
      "dependencies": {
        "mime-types": "^3.0.0",
        "negotiator": "^1.0.0"
      },
      "engines": {
        "node": ">= 0.6"
      }
    },
    "node_modules/ajv": {
      "version": "8.20.0",
      "license": "MIT",
      "peer": true,
      "dependencies": {
        "fast-deep-equal": "^3.1.3",
        "fast-uri": "^3.0.1",
        "json-schema-traverse": "^1.0.0",
        "require-from-string": "^2.0.2"
      },
      "funding": {
        "type": "github",
        "url": "https://github.com/sponsors/epoberezkin"
      }
    },
    "node_modules/ajv-formats": {
      "version": "3.0.1",
      "license": "MIT",
      "peer": true,
      "dependencies": {
        "ajv": "^8.0.0"
      },
      "peerDependencies": {
        "ajv": "^8.0.0"
      },
      "peerDependenciesMeta": {
        "ajv": {
          "optional": true
        }
      }
    },
    "node_modules/body-parser": {
      "version": "2.3.0",
      "license": "MIT",
      "peer": true,
      "dependencies": {
        "bytes": "^3.1.2",
        "content-type": "^2.0.0",
        "debug": "^4.4.3",
        "http-errors": "^2.0.1",
        "iconv-lite": "^0.7.2",
        "on-finished": "^2.4.1",
        "qs": "^6.15.2",
        "raw-body": "^3.0.2",
        "type-is": "^2.1.0"
      },
      "engines": {
        "node": ">=18"
      },
      "funding": {
        "type": "opencollective",
        "url": "https://opencollective.com/express"
      }
    },
    "node_modules/body-parser/node_modules/content-type": {
      "version": "2.0.0",
      "license": "MIT",
      "peer": true,
      "engines": {
        "node": ">=18"
      },
      "funding": {
        "type": "opencollective",
        "url": "https://opencollective.com/express"
      }
    },
    "node_modules/busboy": {
      "version": "1.6.0",
      "dependencies": {
        "streamsearch": "^1.1.0"
      },
      "engines": {
        "node": ">=10.16.0"
      }
    },
    "node_modules/bytes": {
      "version": "3.1.2",
      "license": "MIT",
      "peer": true,
      "engines": {
        "node": ">= 0.8"
      }
    },
    "node_modules/call-bind-apply-helpers": {
      "version": "1.0.2",
      "license": "MIT",
      "peer": true,
      "dependencies": {
        "es-errors": "^1.3.0",
        "function-bind": "^1.1.2"
      },
      "engines": {
        "node": ">= 0.4"
      }
    },
    "node_modules/call-bound": {
      "version": "1.0.4",
      "license": "MIT",
      "peer": true,
      "dependencies": {
        "call-bind-apply-helpers": "^1.0.2",
        "get-intrinsic": "^1.3.0"
      },
      "engines": {
        "node": ">= 0.4"
      },
      "funding": {
        "url": "https://github.com/sponsors/ljharb"
      }
    },
    "node_modules/caniuse-lite": {
      "version": "1.0.30001806",
      "funding": [
        {
          "type": "opencollective",
          "url": "https://opencollective.com/browserslist"
        },
        {
          "type": "tidelift",
          "url": "https://tidelift.com/funding/github/npm/caniuse-lite"
        },
        {
          "type": "github",
          "url": "https://github.com/sponsors/ai"
        }
      ],
      "license": "CC-BY-4.0"
    },
    "node_modules/client-only": {
      "version": "0.0.1",
      "license": "MIT"
    },
    "node_modules/content-disposition": {
      "version": "1.1.0",
      "license": "MIT",
      "peer": true,
      "engines": {
        "node": ">=18"
      },
      "funding": {
        "type": "opencollective",
        "url": "https://opencollective.com/express"
      }
    },
    "node_modules/content-type": {
      "version": "1.0.5",
      "license": "MIT",
      "peer": true,
      "engines": {
        "node": ">= 0.6"
      }
    },
    "node_modules/cookie": {
      "version": "0.7.2",
      "license": "MIT",
      "peer": true,
      "engines": {
        "node": ">= 0.6"
      }
    },
    "node_modules/cookie-signature": {
      "version": "1.2.2",
      "license": "MIT",
      "peer": true,
      "engines": {
        "node": ">=6.6.0"
      }
    },
    "node_modules/cors": {
      "version": "2.8.6",
      "license": "MIT",
      "peer": true,
      "dependencies": {
        "object-assign": "^4",
        "vary": "^1"
      },
      "engines": {
        "node": ">= 0.10"
      },
      "funding": {
        "type": "opencollective",
        "url": "https://opencollective.com/express"
      }
    },
    "node_modules/cross-spawn": {
      "version": "7.0.6",
      "license": "MIT",
      "peer": true,
      "dependencies": {
        "path-key": "^3.1.0",
        "shebang-command": "^2.0.0",
        "which": "^2.0.1"
      },
      "engines": {
        "node": ">= 8"
      }
    },
    "node_modules/csstype": {
      "version": "3.2.3",
      "dev": true,
      "license": "MIT"
    },
    "node_modules/debug": {
      "version": "4.4.3",
      "license": "MIT",
      "peer": true,
      "dependencies": {
        "ms": "^2.1.3"
      },
      "engines": {
        "node": ">=6.0"
      },
      "peerDependenciesMeta": {
        "supports-color": {
          "optional": true
        }
      }
    },
    "node_modules/depd": {
      "version": "2.0.0",
      "license": "MIT",
      "peer": true,
      "engines": {
        "node": ">= 0.8"
      }
    },
    "node_modules/dunder-proto": {
      "version": "1.0.1",
      "license": "MIT",
      "peer": true,
      "dependencies": {
        "call-bind-apply-helpers": "^1.0.1",
        "es-errors": "^1.3.0",
        "gopd": "^1.2.0"
      },
      "engines": {
        "node": ">= 0.4"
      }
    },
    "node_modules/ee-first": {
      "version": "1.1.1",
      "license": "MIT",
      "peer": true
    },
    "node_modules/encodeurl": {
      "version": "2.0.0",
      "license": "MIT",
      "peer": true,
      "engines": {
        "node": ">= 0.8"
      }
    },
    "node_modules/es-define-property": {
      "version": "1.0.1",
      "license": "MIT",
      "peer": true,
      "engines": {
        "node": ">= 0.4"
      }
    },
    "node_modules/es-errors": {
      "version": "1.3.0",
      "license": "MIT",
      "peer": true,
      "engines": {
        "node": ">= 0.4"
      }
    },
    "node_modules/es-object-atoms": {
      "version": "1.1.2",
      "license": "MIT",
      "peer": true,
      "dependencies": {
        "es-errors": "^1.3.0"
      },
      "engines": {
        "node": ">= 0.4"
      }
    },
    "node_modules/escape-html": {
      "version": "1.0.3",
      "license": "MIT",
      "peer": true
    },
    "node_modules/etag": {
      "version": "1.8.1",
      "license": "MIT",
      "peer": true,
      "engines": {
        "node": ">= 0.6"
      }
    },
    "node_modules/eventsource": {
      "version": "3.0.7",
      "license": "MIT",
      "peer": true,
      "dependencies": {
        "eventsource-parser": "^3.0.1"
      },
      "engines": {
        "node": ">=18.0.0"
      }
    },
    "node_modules/eventsource-parser": {
      "version": "3.1.0",
      "license": "MIT",
      "peer": true,
      "engines": {
        "node": ">=18.0.0"
      }
    },
    "node_modules/express": {
      "version": "5.2.1",
      "license": "MIT",
      "peer": true,
      "dependencies": {
        "accepts": "^2.0.0",
        "body-parser": "^2.2.1",
        "content-disposition": "^1.0.0",
        "content-type": "^1.0.5",
        "cookie": "^0.7.1",
        "cookie-signature": "^1.2.1",
        "debug": "^4.4.0",
        "depd": "^2.0.0",
        "encodeurl": "^2.0.0",
        "escape-html": "^1.0.3",
        "etag": "^1.8.1",
        "finalhandler": "^2.1.0",
        "fresh": "^2.0.0",
        "http-errors": "^2.0.0",
        "merge-descriptors": "^2.0.0",
        "mime-types": "^3.0.0",
        "on-finished": "^2.4.1",
        "once": "^1.4.0",
        "parseurl": "^1.3.3",
        "proxy-addr": "^2.0.7",
        "qs": "^6.14.0",
        "range-parser": "^1.2.1",
        "router": "^2.2.0",
        "send": "^1.1.0",
        "serve-static": "^2.2.0",
        "statuses": "^2.0.1",
        "type-is": "^2.0.1",
        "vary": "^1.1.2"
      },
      "engines": {
        "node": ">= 18"
      },
      "funding": {
        "type": "opencollective",
        "url": "https://opencollective.com/express"
      }
    },
    "node_modules/express-rate-limit": {
      "version": "8.6.0",
      "license": "MIT",
      "peer": true,
      "dependencies": {
        "debug": "^4.4.3",
        "ip-address": "^10.2.0"
      },
      "engines": {
        "node": ">= 16"
      },
      "funding": {
        "url": "https://github.com/sponsors/express-rate-limit"
      },
      "peerDependencies": {
        "express": ">= 4.11"
      }
    },
    "node_modules/fast-deep-equal": {
      "version": "3.1.3",
      "license": "MIT",
      "peer": true
    },
    "node_modules/fast-uri": {
      "version": "3.1.3",
      "funding": [
        {
          "type": "github",
          "url": "https://github.com/sponsors/fastify"
        },
        {
          "type": "opencollective",
          "url": "https://opencollective.com/fastify"
        }
      ],
      "license": "BSD-3-Clause",
      "peer": true
    },
    "node_modules/finalhandler": {
      "version": "2.1.1",
      "license": "MIT",
      "peer": true,
      "dependencies": {
        "debug": "^4.4.0",
        "encodeurl": "^2.0.0",
        "escape-html": "^1.0.3",
        "on-finished": "^2.4.1",
        "parseurl": "^1.3.3",
        "statuses": "^2.0.1"
      },
      "engines": {
        "node": ">= 18.0.0"
      },
      "funding": {
        "type": "opencollective",
        "url": "https://opencollective.com/express"
      }
    },
    "node_modules/forwarded": {
      "version": "0.2.0",
      "license": "MIT",
      "peer": true,
      "engines": {
        "node": ">= 0.6"
      }
    },
    "node_modules/fresh": {
      "version": "2.0.0",
      "license": "MIT",
      "peer": true,
      "engines": {
        "node": ">= 0.8"
      }
    },
    "node_modules/function-bind": {
      "version": "1.1.2",
      "license": "MIT",
      "peer": true,
      "funding": {
        "url": "https://github.com/sponsors/ljharb"
      }
    },
    "node_modules/get-intrinsic": {
      "version": "1.3.0",
      "license": "MIT",
      "peer": true,
      "dependencies": {
        "call-bind-apply-helpers": "^1.0.2",
        "es-define-property": "^1.0.1",
        "es-errors": "^1.3.0",
        "es-object-atoms": "^1.1.1",
        "function-bind": "^1.1.2",
        "get-proto": "^1.0.1",
        "gopd": "^1.2.0",
        "has-symbols": "^1.1.0",
        "hasown": "^2.0.2",
        "math-intrinsics": "^1.1.0"
      },
      "engines": {
        "node": ">= 0.4"
      },
      "funding": {
        "url": "https://github.com/sponsors/ljharb"
      }
    },
    "node_modules/get-proto": {
      "version": "1.0.1",
      "license": "MIT",
      "peer": true,
      "dependencies": {
        "dunder-proto": "^1.0.1",
        "es-object-atoms": "^1.0.0"
      },
      "engines": {
        "node": ">= 0.4"
      }
    },
    "node_modules/gopd": {
      "version": "1.2.0",
      "license": "MIT",
      "peer": true,
      "engines": {
        "node": ">= 0.4"
      },
      "funding": {
        "url": "https://github.com/sponsors/ljharb"
      }
    },
    "node_modules/graceful-fs": {
      "version": "4.2.11",
      "license": "ISC"
    },
    "node_modules/has-symbols": {
      "version": "1.1.0",
      "license": "MIT",
      "peer": true,
      "engines": {
        "node": ">= 0.4"
      },
      "funding": {
        "url": "https://github.com/sponsors/ljharb"
      }
    },
    "node_modules/hasown": {
      "version": "2.0.4",
      "license": "MIT",
      "peer": true,
      "dependencies": {
        "function-bind": "^1.1.2"
      },
      "engines": {
        "node": ">= 0.4"
      }
    },
    "node_modules/hono": {
      "version": "4.12.30",
      "license": "MIT",
      "peer": true,
      "engines": {
        "node": ">=16.9.0"
      }
    },
    "node_modules/http-errors": {
      "version": "2.0.1",
      "license": "MIT",
      "peer": true,
      "dependencies": {
        "depd": "~2.0.0",
        "inherits": "~2.0.4",
        "setprototypeof": "~1.2.0",
        "statuses": "~2.0.2",
        "toidentifier": "~1.0.1"
      },
      "engines": {
        "node": ">= 0.8"
      },
      "funding": {
        "type": "opencollective",
        "url": "https://opencollective.com/express"
      }
    },
    "node_modules/iconv-lite": {
      "version": "0.7.3",
      "license": "MIT",
      "peer": true,
      "dependencies": {
        "safer-buffer": ">= 2.1.2 < 3.0.0"
      },
      "engines": {
        "node": ">=0.10.0"
      },
      "funding": {
        "type": "opencollective",
        "url": "https://opencollective.com/express"
      }
    },
    "node_modules/inherits": {
      "version": "2.0.4",
      "license": "ISC",
      "peer": true
    },
    "node_modules/ip-address": {
      "version": "10.2.0",
      "license": "MIT",
      "peer": true,
      "engines": {
        "node": ">= 12"
      }
    },
    "node_modules/ipaddr.js": {
      "version": "1.9.1",
      "license": "MIT",
      "peer": true,
      "engines": {
        "node": ">= 0.10"
      }
    },
    "node_modules/is-promise": {
      "version": "4.0.0",
      "license": "MIT",
      "peer": true
    },
    "node_modules/isexe": {
      "version": "2.0.0",
      "license": "ISC",
      "peer": true
    },
    "node_modules/jose": {
      "version": "6.2.3",
      "license": "MIT",
      "peer": true,
      "funding": {
        "url": "https://github.com/sponsors/panva"
      }
    },
    "node_modules/js-tokens": {
      "version": "4.0.0",
      "license": "MIT"
    },
    "node_modules/json-schema-traverse": {
      "version": "1.0.0",
      "license": "MIT",
      "peer": true
    },
    "node_modules/json-schema-typed": {
      "version": "8.0.2",
      "license": "BSD-2-Clause",
      "peer": true
    },
    "node_modules/loose-envify": {
      "version": "1.4.0",
      "license": "MIT",
      "dependencies": {
        "js-tokens": "^3.0.0 || ^4.0.0"
      },
      "bin": {
        "loose-envify": "cli.js"
      }
    },
    "node_modules/math-intrinsics": {
      "version": "1.1.0",
      "license": "MIT",
      "peer": true,
      "engines": {
        "node": ">= 0.4"
      }
    },
    "node_modules/media-typer": {
      "version": "1.1.0",
      "license": "MIT",
      "peer": true,
      "engines": {
        "node": ">= 0.8"
      }
    },
    "node_modules/merge-descriptors": {
      "version": "2.0.0",
      "license": "MIT",
      "peer": true,
      "engines": {
        "node": ">=18"
      },
      "funding": {
        "url": "https://github.com/sponsors/sindresorhus"
      }
    },
    "node_modules/mime-db": {
      "version": "1.54.0",
      "license": "MIT",
      "peer": true,
      "engines": {
        "node": ">= 0.6"
      }
    },
    "node_modules/mime-types": {
      "version": "3.0.2",
      "license": "MIT",
      "peer": true,
      "dependencies": {
        "mime-db": "^1.54.0"
      },
      "engines": {
        "node": ">=18"
      },
      "funding": {
        "type": "opencollective",
        "url": "https://opencollective.com/express"
      }
    },
    "node_modules/ms": {
      "version": "2.1.3",
      "license": "MIT",
      "peer": true
    },
    "node_modules/nanoid": {
      "version": "3.3.16",
      "funding": [
        {
          "type": "github",
          "url": "https://github.com/sponsors/ai"
        }
      ],
      "license": "MIT",
      "bin": {
        "nanoid": "bin/nanoid.cjs"
      },
      "engines": {
        "node": "^10 || ^12 || ^13.7 || ^14 || >=15.0.1"
      }
    },
    "node_modules/negotiator": {
      "version": "1.0.0",
      "license": "MIT",
      "peer": true,
      "engines": {
        "node": ">= 0.6"
      }
    },
    "node_modules/next": {
      "version": "14.2.35",
      "license": "MIT",
      "dependencies": {
        "@next/env": "14.2.35",
        "@swc/helpers": "0.5.5",
        "busboy": "1.6.0",
        "caniuse-lite": "^1.0.30001579",
        "graceful-fs": "^4.2.11",
        "postcss": "8.4.31",
        "styled-jsx": "5.1.1"
      },
      "bin": {
        "next": "dist/bin/next"
      },
      "engines": {
        "node": ">=18.17.0"
      },
      "optionalDependencies": {
        "@next/swc-darwin-arm64": "14.2.33",
        "@next/swc-darwin-x64": "14.2.33",
        "@next/swc-linux-arm64-gnu": "14.2.33",
        "@next/swc-linux-arm64-musl": "14.2.33",
        "@next/swc-linux-x64-gnu": "14.2.33",
        "@next/swc-linux-x64-musl": "14.2.33",
        "@next/swc-win32-arm64-msvc": "14.2.33",
        "@next/swc-win32-ia32-msvc": "14.2.33",
        "@next/swc-win32-x64-msvc": "14.2.33"
      },
      "peerDependencies": {
        "@opentelemetry/api": "^1.1.0",
        "@playwright/test": "^1.41.2",
        "react": "^18.2.0",
        "react-dom": "^18.2.0",
        "sass": "^1.3.0"
      },
      "peerDependenciesMeta": {
        "@opentelemetry/api": {
          "optional": true
        },
        "@playwright/test": {
          "optional": true
        },
        "sass": {
          "optional": true
        }
      }
    },
    "node_modules/next/node_modules/@next/swc-darwin-arm64": {
      "version": "14.2.33",
      "resolved": "https://registry.npmjs.org/@next/swc-darwin-arm64/-/swc-darwin-arm64-14.2.33.tgz",
      "integrity": "sha512-HqYnb6pxlsshoSTubdXKu15g3iivcbsMXg4bYpjL2iS/V6aQot+iyF4BUc2qA/J/n55YtvE4PHMKWBKGCF/+wA==",
      "cpu": [
        "arm64"
      ],
      "license": "MIT",
      "optional": true,
      "os": [
        "darwin"
      ],
      "engines": {
        "node": ">= 10"
      }
    },
    "node_modules/next/node_modules/@next/swc-darwin-x64": {
      "version": "14.2.33",
      "resolved": "https://registry.npmjs.org/@next/swc-darwin-x64/-/swc-darwin-x64-14.2.33.tgz",
      "integrity": "sha512-8HGBeAE5rX3jzKvF593XTTFg3gxeU4f+UWnswa6JPhzaR6+zblO5+fjltJWIZc4aUalqTclvN2QtTC37LxvZAA==",
      "cpu": [
        "x64"
      ],
      "license": "MIT",
      "optional": true,
      "os": [
        "darwin"
      ],
      "engines": {
        "node": ">= 10"
      }
    },
    "node_modules/next/node_modules/@next/swc-linux-arm64-gnu": {
      "version": "14.2.33",
      "resolved": "https://registry.npmjs.org/@next/swc-linux-arm64-gnu/-/swc-linux-arm64-gnu-14.2.33.tgz",
      "integrity": "sha512-JXMBka6lNNmqbkvcTtaX8Gu5by9547bukHQvPoLe9VRBx1gHwzf5tdt4AaezW85HAB3pikcvyqBToRTDA4DeLw==",
      "cpu": [
        "arm64"
      ],
      "license": "MIT",
      "optional": true,
      "os": [
        "linux"
      ],
      "engines": {
        "node": ">= 10"
      }
    },
    "node_modules/next/node_modules/@next/swc-linux-arm64-musl": {
      "version": "14.2.33",
      "resolved": "https://registry.npmjs.org/@next/swc-linux-arm64-musl/-/swc-linux-arm64-musl-14.2.33.tgz",
      "integrity": "sha512-Bm+QulsAItD/x6Ih8wGIMfRJy4G73tu1HJsrccPW6AfqdZd0Sfm5Imhgkgq2+kly065rYMnCOxTBvmvFY1BKfg==",
      "cpu": [
        "arm64"
      ],
      "license": "MIT",
      "optional": true,
      "os": [
        "linux"
      ],
      "engines": {
        "node": ">= 10"
      }
    },
    "node_modules/next/node_modules/@next/swc-linux-x64-gnu": {
      "version": "14.2.33",
      "resolved": "https://registry.npmjs.org/@next/swc-linux-x64-gnu/-/swc-linux-x64-gnu-14.2.33.tgz",
      "integrity": "sha512-FnFn+ZBgsVMbGDsTqo8zsnRzydvsGV8vfiWwUo1LD8FTmPTdV+otGSWKc4LJec0oSexFnCYVO4hX8P8qQKaSlg==",
      "cpu": [
        "x64"
      ],
      "license": "MIT",
      "optional": true,
      "os": [
        "linux"
      ],
      "engines": {
        "node": ">= 10"
      }
    },
    "node_modules/next/node_modules/@next/swc-linux-x64-musl": {
      "version": "14.2.33",
      "resolved": "https://registry.npmjs.org/@next/swc-linux-x64-musl/-/swc-linux-x64-musl-14.2.33.tgz",
      "integrity": "sha512-345tsIWMzoXaQndUTDv1qypDRiebFxGYx9pYkhwY4hBRaOLt8UGfiWKr9FSSHs25dFIf8ZqIFaPdy5MljdoawA==",
      "cpu": [
        "x64"
      ],
      "license": "MIT",
      "optional": true,
      "os": [
        "linux"
      ],
      "engines": {
        "node": ">= 10"
      }
    },
    "node_modules/next/node_modules/@next/swc-win32-arm64-msvc": {
      "version": "14.2.33",
      "resolved": "https://registry.npmjs.org/@next/swc-win32-arm64-msvc/-/swc-win32-arm64-msvc-14.2.33.tgz",
      "integrity": "sha512-nscpt0G6UCTkrT2ppnJnFsYbPDQwmum4GNXYTeoTIdsmMydSKFz9Iny2jpaRupTb+Wl298+Rh82WKzt9LCcqSQ==",
      "cpu": [
        "arm64"
      ],
      "license": "MIT",
      "optional": true,
      "os": [
        "win32"
      ],
      "engines": {
        "node": ">= 10"
      }
    },
    "node_modules/next/node_modules/@next/swc-win32-ia32-msvc": {
      "version": "14.2.33",
      "resolved": "https://registry.npmjs.org/@next/swc-win32-ia32-msvc/-/swc-win32-ia32-msvc-14.2.33.tgz",
      "integrity": "sha512-pc9LpGNKhJ0dXQhZ5QMmYxtARwwmWLpeocFmVG5Z0DzWq5Uf0izcI8tLc+qOpqxO1PWqZ5A7J1blrUIKrIFc7Q==",
      "cpu": [
        "ia32"
      ],
      "license": "MIT",
      "optional": true,
      "os": [
        "win32"
      ],
      "engines": {
        "node": ">= 10"
      }
    },
    "node_modules/object-assign": {
      "version": "4.1.1",
      "license": "MIT",
      "peer": true,
      "engines": {
        "node": ">=0.10.0"
      }
    },
    "node_modules/object-inspect": {
      "version": "1.13.4",
      "license": "MIT",
      "peer": true,
      "engines": {
        "node": ">= 0.4"
      },
      "funding": {
        "url": "https://github.com/sponsors/ljharb"
      }
    },
    "node_modules/on-finished": {
      "version": "2.4.1",
      "license": "MIT",
      "peer": true,
      "dependencies": {
        "ee-first": "1.1.1"
      },
      "engines": {
        "node": ">= 0.8"
      }
    },
    "node_modules/once": {
      "version": "1.4.0",
      "license": "ISC",
      "peer": true,
      "dependencies": {
        "wrappy": "1"
      }
    },
    "node_modules/parseurl": {
      "version": "1.3.3",
      "license": "MIT",
      "peer": true,
      "engines": {
        "node": ">= 0.8"
      }
    },
    "node_modules/path-key": {
      "version": "3.1.1",
      "license": "MIT",
      "peer": true,
      "engines": {
        "node": ">=8"
      }
    },
    "node_modules/path-to-regexp": {
      "version": "8.4.2",
      "license": "MIT",
      "peer": true,
      "funding": {
        "type": "opencollective",
        "url": "https://opencollective.com/express"
      }
    },
    "node_modules/picocolors": {
      "version": "1.1.1",
      "license": "ISC"
    },
    "node_modules/pkce-challenge": {
      "version": "5.0.1",
      "license": "MIT",
      "peer": true,
      "engines": {
        "node": ">=16.20.0"
      }
    },
    "node_modules/postcss": {
      "version": "8.4.31",
      "funding": [
        {
          "type": "opencollective",
          "url": "https://opencollective.com/postcss/"
        },
        {
          "type": "tidelift",
          "url": "https://tidelift.com/funding/github/npm/postcss"
        },
        {
          "type": "github",
          "url": "https://github.com/sponsors/ai"
        }
      ],
      "license": "MIT",
      "dependencies": {
        "nanoid": "^3.3.6",
        "picocolors": "^1.0.0",
        "source-map-js": "^1.0.2"
      },
      "engines": {
        "node": "^10 || ^12 || >=14"
      }
    },
    "node_modules/proxy-addr": {
      "version": "2.0.7",
      "license": "MIT",
      "peer": true,
      "dependencies": {
        "forwarded": "0.2.0",
        "ipaddr.js": "1.9.1"
      },
      "engines": {
        "node": ">= 0.10"
      }
    },
    "node_modules/qs": {
      "version": "6.15.3",
      "license": "BSD-3-Clause",
      "peer": true,
      "dependencies": {
        "es-define-property": "^1.0.1",
        "side-channel": "^1.1.1"
      },
      "engines": {
        "node": ">=0.6"
      },
      "funding": {
        "url": "https://github.com/sponsors/ljharb"
      }
    },
    "node_modules/range-parser": {
      "version": "1.3.0",
      "license": "MIT",
      "peer": true,
      "engines": {
        "node": ">= 0.6"
      },
      "funding": {
        "type": "opencollective",
        "url": "https://opencollective.com/express"
      }
    },
    "node_modules/raw-body": {
      "version": "3.0.2",
      "license": "MIT",
      "peer": true,
      "dependencies": {
        "bytes": "~3.1.2",
        "http-errors": "~2.0.1",
        "iconv-lite": "~0.7.0",
        "unpipe": "~1.0.0"
      },
      "engines": {
        "node": ">= 0.10"
      }
    },
    "node_modules/react": {
      "version": "18.3.1",
      "license": "MIT",
      "dependencies": {
        "loose-envify": "^1.1.0"
      },
      "engines": {
        "node": ">=0.10.0"
      }
    },
    "node_modules/react-dom": {
      "version": "18.3.1",
      "license": "MIT",
      "dependencies": {
        "loose-envify": "^1.1.0",
        "scheduler": "^0.23.2"
      },
      "peerDependencies": {
        "react": "^18.3.1"
      }
    },
    "node_modules/require-from-string": {
      "version": "2.0.2",
      "license": "MIT",
      "peer": true,
      "engines": {
        "node": ">=0.10.0"
      }
    },
    "node_modules/router": {
      "version": "2.2.0",
      "license": "MIT",
      "peer": true,
      "dependencies": {
        "debug": "^4.4.0",
        "depd": "^2.0.0",
        "is-promise": "^4.0.0",
        "parseurl": "^1.3.3",
        "path-to-regexp": "^8.0.0"
      },
      "engines": {
        "node": ">= 18"
      }
    },
    "node_modules/safer-buffer": {
      "version": "2.1.2",
      "license": "MIT",
      "peer": true
    },
    "node_modules/scheduler": {
      "version": "0.23.2",
      "license": "MIT",
      "dependencies": {
        "loose-envify": "^1.1.0"
      }
    },
    "node_modules/send": {
      "version": "1.2.1",
      "license": "MIT",
      "peer": true,
      "dependencies": {
        "debug": "^4.4.3",
        "encodeurl": "^2.0.0",
        "escape-html": "^1.0.3",
        "etag": "^1.8.1",
        "fresh": "^2.0.0",
        "http-errors": "^2.0.1",
        "mime-types": "^3.0.2",
        "ms": "^2.1.3",
        "on-finished": "^2.4.1",
        "range-parser": "^1.2.1",
        "statuses": "^2.0.2"
      },
      "engines": {
        "node": ">= 18"
      },
      "funding": {
        "type": "opencollective",
        "url": "https://opencollective.com/express"
      }
    },
    "node_modules/serve-static": {
      "version": "2.2.1",
      "license": "MIT",
      "peer": true,
      "dependencies": {
        "encodeurl": "^2.0.0",
        "escape-html": "^1.0.3",
        "parseurl": "^1.3.3",
        "send": "^1.2.0"
      },
      "engines": {
        "node": ">= 18"
      },
      "funding": {
        "type": "opencollective",
        "url": "https://opencollective.com/express"
      }
    },
    "node_modules/setprototypeof": {
      "version": "1.2.0",
      "license": "ISC",
      "peer": true
    },
    "node_modules/shebang-command": {
      "version": "2.0.0",
      "license": "MIT",
      "peer": true,
      "dependencies": {
        "shebang-regex": "^3.0.0"
      },
      "engines": {
        "node": ">=8"
      }
    },
    "node_modules/shebang-regex": {
      "version": "3.0.0",
      "license": "MIT",
      "peer": true,
      "engines": {
        "node": ">=8"
      }
    },
    "node_modules/side-channel": {
      "version": "1.1.1",
      "license": "MIT",
      "peer": true,
      "dependencies": {
        "es-errors": "^1.3.0",
        "object-inspect": "^1.13.4",
        "side-channel-list": "^1.0.1",
        "side-channel-map": "^1.0.1",
        "side-channel-weakmap": "^1.0.2"
      },
      "engines": {
        "node": ">= 0.4"
      },
      "funding": {
        "url": "https://github.com/sponsors/ljharb"
      }
    },
    "node_modules/side-channel-list": {
      "version": "1.0.1",
      "license": "MIT",
      "peer": true,
      "dependencies": {
        "es-errors": "^1.3.0",
        "object-inspect": "^1.13.4"
      },
      "engines": {
        "node": ">= 0.4"
      },
      "funding": {
        "url": "https://github.com/sponsors/ljharb"
      }
    },
    "node_modules/side-channel-map": {
      "version": "1.0.1",
      "license": "MIT",
      "peer": true,
      "dependencies": {
        "call-bound": "^1.0.2",
        "es-errors": "^1.3.0",
        "get-intrinsic": "^1.2.5",
        "object-inspect": "^1.13.3"
      },
      "engines": {
        "node": ">= 0.4"
      },
      "funding": {
        "url": "https://github.com/sponsors/ljharb"
      }
    },
    "node_modules/side-channel-weakmap": {
      "version": "1.0.2",
      "license": "MIT",
      "peer": true,
      "dependencies": {
        "call-bound": "^1.0.2",
        "es-errors": "^1.3.0",
        "get-intrinsic": "^1.2.5",
        "object-inspect": "^1.13.3",
        "side-channel-map": "^1.0.1"
      },
      "engines": {
        "node": ">= 0.4"
      },
      "funding": {
        "url": "https://github.com/sponsors/ljharb"
      }
    },
    "node_modules/source-map-js": {
      "version": "1.2.1",
      "license": "BSD-3-Clause",
      "engines": {
        "node": ">=0.10.0"
      }
    },
    "node_modules/statuses": {
      "version": "2.0.2",
      "license": "MIT",
      "peer": true,
      "engines": {
        "node": ">= 0.8"
      }
    },
    "node_modules/streamsearch": {
      "version": "1.1.0",
      "engines": {
        "node": ">=10.0.0"
      }
    },
    "node_modules/styled-jsx": {
      "version": "5.1.1",
      "license": "MIT",
      "dependencies": {
        "client-only": "0.0.1"
      },
      "engines": {
        "node": ">= 12.0.0"
      },
      "peerDependencies": {
        "react": ">= 16.8.0 || 17.x.x || ^18.0.0-0"
      },
      "peerDependenciesMeta": {
        "@babel/core": {
          "optional": true
        },
        "babel-plugin-macros": {
          "optional": true
        }
      }
    },
    "node_modules/toidentifier": {
      "version": "1.0.1",
      "license": "MIT",
      "peer": true,
      "engines": {
        "node": ">=0.6"
      }
    },
    "node_modules/tslib": {
      "version": "2.8.1",
      "license": "0BSD"
    },
    "node_modules/type-is": {
      "version": "2.1.0",
      "license": "MIT",
      "peer": true,
      "dependencies": {
        "content-type": "^2.0.0",
        "media-typer": "^1.1.0",
        "mime-types": "^3.0.0"
      },
      "engines": {
        "node": ">= 18"
      },
      "funding": {
        "type": "opencollective",
        "url": "https://opencollective.com/express"
      }
    },
    "node_modules/type-is/node_modules/content-type": {
      "version": "2.0.0",
      "license": "MIT",
      "peer": true,
      "engines": {
        "node": ">=18"
      },
      "funding": {
        "type": "opencollective",
        "url": "https://opencollective.com/express"
      }
    },
    "node_modules/typescript": {
      "version": "5.9.3",
      "dev": true,
      "license": "Apache-2.0",
      "bin": {
        "tsc": "bin/tsc",
        "tsserver": "bin/tsserver"
      },
      "engines": {
        "node": ">=14.17"
      }
    },
    "node_modules/undici-types": {
      "version": "6.21.0",
      "dev": true,
      "license": "MIT"
    },
    "node_modules/unpipe": {
      "version": "1.0.0",
      "license": "MIT",
      "peer": true,
      "engines": {
        "node": ">= 0.8"
      }
    },
    "node_modules/vary": {
      "version": "1.1.2",
      "license": "MIT",
      "peer": true,
      "engines": {
        "node": ">= 0.8"
      }
    },
    "node_modules/which": {
      "version": "2.0.2",
      "license": "ISC",
      "peer": true,
      "dependencies": {
        "isexe": "^2.0.0"
      },
      "bin": {
        "node-which": "bin/node-which"
      },
      "engines": {
        "node": ">= 8"
      }
    },
    "node_modules/wrappy": {
      "version": "1.0.2",
      "license": "ISC",
      "peer": true
    },
    "node_modules/zod": {
      "version": "4.4.3",
      "license": "MIT",
      "peer": true,
      "funding": {
        "url": "https://github.com/sponsors/colinhacks"
      }
    },
    "node_modules/zod-to-json-schema": {
      "version": "3.25.2",
      "license": "ISC",
      "peer": true,
      "peerDependencies": {
        "zod": "^3.25.28 || ^4"
      }
    }
  }
}
